
Microsoft Visual Studio Solution File, Format Version 12.00
# Visual Studio Version 17
VisualStudioVersion = 17.0.32126.317
MinimumVisualStudioVersion = 10.0.40219.1
Project("{F184B08F-C81C-45F6-A57F-5ABD9991F28F}") = "FizzBuzz", "FizzBuzz\FizzBuzz.vbproj", "{BF6BBC82-297C-486E-8B89-724DCA1971DB}"
EndProject
Global
	GlobalSection(SolutionConfigurationPlatforms) = preSolution
		Debug|Any CPU = Debug|Any CPU
		Release|Any CPU = Release|Any CPU
	EndGlobalSection
	GlobalSection(ProjectConfigurationPlatforms) = postSolution
		{BF6BBC82-297C-486E-8B89-724DCA1971DB}.Debug|Any CPU.ActiveCfg = Debug|Any CPU
		{BF6BBC82-297C-486E-8B89-724DCA1971DB}.Debug|Any CPU.Build.0 = Debug|Any CPU
		{BF6BBC82-297C-486E-8B89-724DCA1971DB}.Release|Any CPU.ActiveCfg = Release|Any CPU
		{BF6BBC82-297C-486E-8B89-724DCA1971DB}.Release|Any CPU.Build.0 = Release|Any CPU
	EndGlobalSection
	GlobalSection(SolutionProperties) = preSolution
		HideSolutionNode = FALSE
	EndGlobalSection
	GlobalSection(ExtensibilityGlobals) = postSolution
		SolutionGuid = {2B74D004-5F1C-44D8-AD2A-AD33B410C865}
	EndGlobalSection
EndGlobal
